// !$*UTF8*$!
{
	archiveVersion = 1;
	classes = {
	};
	objectVersion = 46;
	objects = {

/* Begin PBXBuildFile section */
		85F0F5621ADDEC0900C389F4 /* main.m in Sources */ = {isa = PBXBuildFile; fileRef = 85F0F5611ADDEC0900C389F4 /* main.m */; };
		85F0F5651ADDEC0900C389F4 /* AppDelegate.m in Sources */ = {isa = PBXBuildFile; fileRef = 85F0F5641ADDEC0900C389F4 /* AppDelegate.m */; };
		85F0F5681ADDEC0900C389F4 /* ViewController.m in Sources */ = {isa = PBXBuildFile; fileRef = 85F0F5671ADDEC0900C389F4 /* ViewController.m */; };
		85F0F56B1ADDEC0900C389F4 /* Main.storyboard in Resources */ = {isa = PBXBuildFile; fileRef = 85F0F5691ADDEC0900C389F4 /* Main.storyboard */; };
		85F0F56D1ADDEC0900C389F4 /* Images.xcassets in Resources */ = {isa = PBXBuildFile; fileRef = 85F0F56C1ADDEC0900C389F4 /* Images.xcassets */; };
		85F0F5701ADDEC0900C389F4 /* LaunchScreen.xib in Resources */ = {isa = PBXBuildFile; fileRef = 85F0F56E1ADDEC0900C389F4 /* LaunchScreen.xib */; };
		85F0F57C1ADDEC0900C389F4 /* testShareTests.m in Sources */ = {isa = PBXBuildFile; fileRef = 85F0F57B1ADDEC0900C389F4 /* testShareTests.m */; };
		85F0F58F1ADDEC5500C389F4 /* ShareViewController.m in Sources */ = {isa = PBXBuildFile; fileRef = 85F0F58E1ADDEC5500C389F4 /* ShareViewController.m */; };
		85F0F5911ADDEC5500C389F4 /* MainInterface.storyboard in Resources */ = {isa = PBXBuildFile; fileRef = 85F0F5901ADDEC5500C389F4 /* MainInterface.storyboard */; };
		85F0F5941ADDEC5500C389F4 /* share.appex in Embed App Extensions */ = {isa = PBXBuildFile; fileRef = 85F0F5891ADDEC5500C389F4 /* share.appex */; settings = {ATTRIBUTES = (RemoveHeadersOnCopy, ); }; };
/* End PBXBuildFile section */

/* Begin PBXContainerItemProxy section */
		85F0F5761ADDEC0900C389F4 /* PBXContainerItemProxy */ = {
			isa = PBXContainerItemProxy;
			containerPortal = 85F0F5541ADDEC0900C389F4 /* Project object */;
			proxyType = 1;
			remoteGlobalIDString = 85F0F55B1ADDEC0900C389F4;
			remoteInfo = testShare;
		};
		85F0F5921ADDEC5500C389F4 /* PBXContainerItemProxy */ = {
			isa = PBXContainerItemProxy;
			containerPortal = 85F0F5541ADDEC0900C389F4 /* Project object */;
			proxyType = 1;
			remoteGlobalIDString = 85F0F5881ADDEC5500C389F4;
			remoteInfo = share;
		};
/* End PBXContainerItemProxy section */

/* Begin PBXCopyFilesBuildPhase section */
		85F0F5981ADDEC5500C389F4 /* Embed App Extensions */ = {
			isa = PBXCopyFilesBuildPhase;
			buildActionMask = 2147483647;
			dstPath = "";
			dstSubfolderSpec = 13;
			files = (
				85F0F5941ADDEC5500C389F4 /* share.appex in Embed App Extensions */,
			);
			name = "Embed App Extensions";
			runOnlyForDeploymentPostprocessing = 0;
		};
/* End PBXCopyFilesBuildPhase section */

/* Begin PBXFileReference section */
		85F0F55C1ADDEC0900C389F4 /* testShare.app */ = {isa = PBXFileReference; explicitFileType = wrapper.application; includeInIndex = 0; path = testShare.app; sourceTree = BUILT_PRODUCTS_DIR; };
		85F0F5601ADDEC0900C389F4 /* Info.plist */ = {isa = PBXFileReference; lastKnownFileType = text.plist.xml; path = Info.plist; sourceTree = "<group>"; };
		85F0F5611ADDEC0900C389F4 /* main.m */ = {isa = PBXFileReference; lastKnownFileType = sourcecode.c.objc; path = main.m; sourceTree = "<group>"; };
		85F0F5631ADDEC0900C389F4 /* AppDelegate.h */ = {isa = PBXFileReference; lastKnownFileType = sourcecode.c.h; path = AppDelegate.h; sourceTree = "<group>"; };
		85F0F5641ADDEC0900C389F4 /* AppDelegate.m */ = {isa = PBXFileReference; lastKnownFileType = sourcecode.c.objc; path = AppDelegate.m; sourceTree = "<group>"; };
		85F0F5661ADDEC0900C389F4 /* ViewController.h */ = {isa = PBXFileReference; lastKnownFileType = sourcecode.c.h; path = ViewController.h; sourceTree = "<group>"; };
		85F0F5671ADDEC0900C389F4 /* ViewController.m */ = {isa = PBXFileReference; lastKnownFileType = sourcecode.c.objc; path = ViewController.m; sourceTree = "<group>"; };
		85F0F56A1ADDEC0900C389F4 /* Base */ = {isa = PBXFileReference; lastKnownFileType = file.storyboard; name = Base; path = Base.lproj/Main.storyboard; sourceTree = "<group>"; };
		85F0F56C1ADDEC0900C389F4 /* Images.xcassets */ = {isa = PBXFileReference; lastKnownFileType = folder.assetcatalog; path = Images.xcassets; sourceTree = "<group>"; };
		85F0F56F1ADDEC0900C389F4 /* Base */ = {isa = PBXFileReference; lastKnownFileType = file.xib; name = Base; path = Base.lproj/LaunchScreen.xib; sourceTree = "<group>"; };
		85F0F5751ADDEC0900C389F4 /* testShareTests.xctest */ = {isa = PBXFileReference; explicitFileType = wrapper.cfbundle; includeInIndex = 0; path = testShareTests.xctest; sourceTree = BUILT_PRODUCTS_DIR; };
		85F0F57A1ADDEC0900C389F4 /* Info.plist */ = {isa = PBXFileReference; lastKnownFileType = text.plist.xml; path = Info.plist; sourceTree = "<group>"; };
		85F0F57B1ADDEC0900C389F4 /* testShareTests.m */ = {isa = PBXFileReference; lastKnownFileType = sourcecode.c.objc; path = testShareTests.m; sourceTree = "<group>"; };
		85F0F5891ADDEC5500C389F4 /* share.appex */ = {isa = PBXFileReference; explicitFileType = "wrapper.app-extension"; includeInIndex = 0; path = share.appex; sourceTree = BUILT_PRODUCTS_DIR; };
		85F0F58C1ADDEC5500C389F4 /* Info.plist */ = {isa = PBXFileReference; lastKnownFileType = text.plist.xml; path = Info.plist; sourceTree = "<group>"; };
		85F0F58D1ADDEC5500C389F4 /* ShareViewController.h */ = {isa = PBXFileReference; lastKnownFileType = sourcecode.c.h; path = ShareViewController.h; sourceTree = "<group>"; };
		85F0F58E1ADDEC5500C389F4 /* ShareViewController.m */ = {isa = PBXFileReference; lastKnownFileType = sourcecode.c.objc; path = ShareViewController.m; sourceTree = "<group>"; };
		85F0F5901ADDEC5500C389F4 /* MainInterface.storyboard */ = {isa = PBXFileReference; lastKnownFileType = file.storyboard; path = MainInterface.storyboard; sourceTree = "<group>"; };
/* End PBXFileReference section */

/* Begin PBXFrameworksBuildPhase section */
		85F0F5591ADDEC0900C389F4 /* Frameworks */ = {
			isa = PBXFrameworksBuildPhase;
			buildActionMask = 2147483647;
			files = (
			);
			runOnlyForDeploymentPostprocessing = 0;
		};
		85F0F5721ADDEC0900C389F4 /* Frameworks */ = {
			isa = PBXFrameworksBuildPhase;
			buildActionMask = 2147483647;
			files = (
			);
			runOnlyForDeploymentPostprocessing = 0;
		};
		85F0F5861ADDEC5500C389F4 /* Frameworks */ = {
			isa = PBXFrameworksBuildPhase;
			buildActionMask = 2147483647;
			files = (
			);
			runOnlyForDeploymentPostprocessing = 0;
		};
/* End PBXFrameworksBuildPhase section */

/* Begin PBXGroup section */
		85F0F5531ADDEC0900C389F4 = {
			isa = PBXGroup;
			children = (
				85F0F55E1ADDEC0900C389F4 /* testShare */,
				85F0F5781ADDEC0900C389F4 /* testShareTests */,
				85F0F58A1ADDEC5500C389F4 /* share */,
				85F0F55D1ADDEC0900C389F4 /* Products */,
			);
			sourceTree = "<group>";
		};
		85F0F55D1ADDEC0900C389F4 /* Products */ = {
			isa = PBXGroup;
			children = (
				85F0F55C1ADDEC0900C389F4 /* testShare.app */,
				85F0F5751ADDEC0900C389F4 /* testShareTests.xctest */,
				85F0F5891ADDEC5500C389F4 /* share.appex */,
			);
			name = Products;
			sourceTree = "<group>";
		};
		85F0F55E1ADDEC0900C389F4 /* testShare */ = {
			isa = PBXGroup;
			children = (
				85F0F5631ADDEC0900C389F4 /* AppDelegate.h */,
				85F0F5641ADDEC0900C389F4 /* AppDelegate.m */,
				85F0F5661ADDEC0900C389F4 /* ViewController.h */,
				85F0F5671ADDEC0900C389F4 /* ViewController.m */,
				85F0F5691ADDEC0900C389F4 /* Main.storyboard */,
				85F0F56C1ADDEC0900C389F4 /* Images.xcassets */,
				85F0F56E1ADDEC0900C389F4 /* LaunchScreen.xib */,
				85F0F55F1ADDEC0900C389F4 /* Supporting Files */,
			);
			path = testShare;
			sourceTree = "<group>";
		};
		85F0F55F1ADDEC0900C389F4 /* Supporting Files */ = {
			isa = PBXGroup;
			children = (
				85F0F5601ADDEC0900C389F4 /* Info.plist */,
				85F0F5611ADDEC0900C389F4 /* main.m */,
			);
			name = "Supporting Files";
			sourceTree = "<group>";
		};
		85F0F5781ADDEC0900C389F4 /* testShareTests */ = {
			isa = PBXGroup;
			children = (
				85F0F57B1ADDEC0900C389F4 /* testShareTests.m */,
				85F0F5791ADDEC0900C389F4 /* Supporting Files */,
			);
			path = testShareTests;
			sourceTree = "<group>";
		};
		85F0F5791ADDEC0900C389F4 /* Supporting Files */ = {
			isa = PBXGroup;
			children = (
				85F0F57A1ADDEC0900C389F4 /* Info.plist */,
			);
			name = "Supporting Files";
			sourceTree = "<group>";
		};
		85F0F58A1ADDEC5500C389F4 /* share */ = {
			isa = PBXGroup;
			children = (
				85F0F58D1ADDEC5500C389F4 /* ShareViewController.h */,
				85F0F58E1ADDEC5500C389F4 /* ShareViewController.m */,
				85F0F5901ADDEC5500C389F4 /* MainInterface.storyboard */,
				85F0F58B1ADDEC5500C389F4 /* Supporting Files */,
			);
			path = share;
			sourceTree = "<group>";
		};
		85F0F58B1ADDEC5500C389F4 /* Supporting Files */ = {
			isa = PBXGroup;
			children = (
				85F0F58C1ADDEC5500C389F4 /* Info.plist */,
			);
			name = "Supporting Files";
			sourceTree = "<group>";
		};
/* End PBXGroup section */

/* Begin PBXNativeTarget section */
		85F0F55B1ADDEC0900C389F4 /* testShare */ = {
			isa = PBXNativeTarget;
			buildConfigurationList = 85F0F57F1ADDEC0900C389F4 /* Build configuration list for PBXNativeTarget "testShare" */;
			buildPhases = (
				85F0F5581ADDEC0900C389F4 /* Sources */,
				85F0F5591ADDEC0900C389F4 /* Frameworks */,
				85F0F55A1ADDEC0900C389F4 /* Resources */,
				85F0F5981ADDEC5500C389F4 /* Embed App Extensions */,
			);
			buildRules = (
			);
			dependencies = (
				85F0F5931ADDEC5500C389F4 /* PBXTargetDependency */,
			);
			name = testShare;
			productName = testShare;
			productReference = 85F0F55C1ADDEC0900C389F4 /* testShare.app */;
			productType = "com.apple.product-type.application";
		};
		85F0F5741ADDEC0900C389F4 /* testShareTests */ = {
			isa = PBXNativeTarget;
			buildConfigurationList = 85F0F5821ADDEC0900C389F4 /* Build configuration list for PBXNativeTarget "testShareTests" */;
			buildPhases = (
				85F0F5711ADDEC0900C389F4 /* Sources */,
				85F0F5721ADDEC0900C389F4 /* Frameworks */,
				85F0F5731ADDEC0900C389F4 /* Resources */,
			);
			buildRules = (
			);
			dependencies = (
				85F0F5771ADDEC0900C389F4 /* PBXTargetDependency */,
			);
			name = testShareTests;
			productName = testShareTests;
			productReference = 85F0F5751ADDEC0900C389F4 /* testShareTests.xctest */;
			productType = "com.apple.product-type.bundle.unit-test";
		};
		85F0F5881ADDEC5500C389F4 /* share */ = {
			isa = PBXNativeTarget;
			buildConfigurationList = 85F0F5951ADDEC5500C389F4 /* Build configuration list for PBXNativeTarget "share" */;
			buildPhases = (
				85F0F5851ADDEC5500C389F4 /* Sources */,
				85F0F5861ADDEC5500C389F4 /* Frameworks */,
				85F0F5871ADDEC5500C389F4 /* Resources */,
			);
			buildRules = (
			);
			dependencies = (
			);
			name = share;
			productName = share;
			productReference = 85F0F5891ADDEC5500C389F4 /* share.appex */;
			productType = "com.apple.product-type.app-extension";
		};
/* End PBXNativeTarget section */

/* Begin PBXProject section */
		85F0F5541ADDEC0900C389F4 /* Project object */ = {
			isa = PBXProject;
			attributes = {
				LastUpgradeCheck = 0630;
				ORGANIZATIONNAME = "Tyanya Software LLC";
				TargetAttributes = {
					85F0F55B1ADDEC0900C389F4 = {
						CreatedOnToolsVersion = 6.3;
					};
					85F0F5741ADDEC0900C389F4 = {
						CreatedOnToolsVersion = 6.3;
						TestTargetID = 85F0F55B1ADDEC0900C389F4;
					};
					85F0F5881ADDEC5500C389F4 = {
						CreatedOnToolsVersion = 6.3;
					};
				};
			};
			buildConfigurationList = 85F0F5571ADDEC0900C389F4 /* Build configuration list for PBXProject "testShare" */;
			compatibilityVersion = "Xcode 3.2";
			developmentRegion = English;
			hasScannedForEncodings = 0;
			knownRegions = (
				en,
				Base,
			);
			mainGroup = 85F0F5531ADDEC0900C389F4;
			productRefGroup = 85F0F55D1ADDEC0900C389F4 /* Products */;
			projectDirPath = "";
			projectRoot = "";
			targets = (
				85F0F55B1ADDEC0900C389F4 /* testShare */,
				85F0F5741ADDEC0900C389F4 /* testShareTests */,
				85F0F5881ADDEC5500C389F4 /* share */,
			);
		};
/* End PBXProject section */

/* Begin PBXResourcesBuildPhase section */
		85F0F55A1ADDEC0900C389F4 /* Resources */ = {
			isa = PBXResourcesBuildPhase;
			buildActionMask = 2147483647;
			files = (
				85F0F56B1ADDEC0900C389F4 /* Main.storyboard in Resources */,
				85F0F5701ADDEC0900C389F4 /* LaunchScreen.xib in Resources */,
				85F0F56D1ADDEC0900C389F4 /* Images.xcassets in Resources */,
			);
			runOnlyForDeploymentPostprocessing = 0;
		};
		85F0F5731ADDEC0900C389F4 /* Resources */ = {
			isa = PBXResourcesBuildPhase;
			buildActionMask = 2147483647;
			files = (
			);
			runOnlyForDeploymentPostprocessing = 0;
		};
		85F0F5871ADDEC5500C389F4 /* Resources */ = {
			isa = PBXResourcesBuildPhase;
			buildActionMask = 2147483647;
			files = (
				85F0F5911ADDEC5500C389F4 /* MainInterface.storyboard in Resources */,
			);
			runOnlyForDeploymentPostprocessing = 0;
		};
/* End PBXResourcesBuildPhase section */

/* Begin PBXSourcesBuildPhase section */
		85F0F5581ADDEC0900C389F4 /* Sources */ = {
			isa = PBXSourcesBuildPhase;
			buildActionMask = 2147483647;
			files = (
				85F0F5681ADDEC0900C389F4 /* ViewController.m in Sources */,
				85F0F5651ADDEC0900C389F4 /* AppDelegate.m in Sources */,
				85F0F5621ADDEC0900C389F4 /* main.m in Sources */,
			);
			runOnlyForDeploymentPostprocessing = 0;
		};
		85F0F5711ADDEC0900C389F4 /* Sources */ = {
			isa = PBXSourcesBuildPhase;
			buildActionMask = 2147483647;
			files = (
				85F0F57C1ADDEC0900C389F4 /* testShareTests.m in Sources */,
			);
			runOnlyForDeploymentPostprocessing = 0;
		};
		85F0F5851ADDEC5500C389F4 /* Sources */ = {
			isa = PBXSourcesBuildPhase;
			buildActionMask = 2147483647;
			files = (
				85F0F58F1ADDEC5500C389F4 /* ShareViewController.m in Sources */,
			);
			runOnlyForDeploymentPostprocessing = 0;
		};
/* End PBXSourcesBuildPhase section */

/* Begin PBXTargetDependency section */
		85F0F5771ADDEC0900C389F4 /* PBXTargetDependency */ = {
			isa = PBXTargetDependency;
			target = 85F0F55B1ADDEC0900C389F4 /* testShare */;
			targetProxy = 85F0F5761ADDEC0900C389F4 /* PBXContainerItemProxy */;
		};
		85F0F5931ADDEC5500C389F4 /* PBXTargetDependency */ = {
			isa = PBXTargetDependency;
			target = 85F0F5881ADDEC5500C389F4 /* share */;
			targetProxy = 85F0F5921ADDEC5500C389F4 /* PBXContainerItemProxy */;
		};
/* End PBXTargetDependency section */

/* Begin PBXVariantGroup section */
		85F0F5691ADDEC0900C389F4 /* Main.storyboard */ = {
			isa = PBXVariantGroup;
			children = (
				85F0F56A1ADDEC0900C389F4 /* Base */,
			);
			name = Main.storyboard;
			sourceTree = "<group>";
		};
		85F0F56E1ADDEC0900C389F4 /* LaunchScreen.xib */ = {
			isa = PBXVariantGroup;
			children = (
				85F0F56F1ADDEC0900C389F4 /* Base */,
			);
			name = LaunchScreen.xib;
			sourceTree = "<group>";
		};
/* End PBXVariantGroup section */

/* Begin XCBuildConfiguration section */
		85F0F57D1ADDEC0900C389F4 /* Debug */ = {
			isa = XCBuildConfiguration;
			buildSettings = {
				ALWAYS_SEARCH_USER_PATHS = NO;
				CLANG_CXX_LANGUAGE_STANDARD = "gnu++0x";
				CLANG_CXX_LIBRARY = "libc++";
				CLANG_ENABLE_MODULES = YES;
				CLANG_ENABLE_OBJC_ARC = YES;
				CLANG_WARN_BOOL_CONVERSION = YES;
				CLANG_WARN_CONSTANT_CONVERSION = YES;
				CLANG_WARN_DIRECT_OBJC_ISA_USAGE = YES_ERROR;
				CLANG_WARN_EMPTY_BODY = YES;
				CLANG_WARN_ENUM_CONVERSION = YES;
				CLANG_WARN_INT_CONVERSION = YES;
				CLANG_WARN_OBJC_ROOT_CLASS = YES_ERROR;
				CLANG_WARN_UNREACHABLE_CODE = YES;
				CLANG_WARN__DUPLICATE_METHOD_MATCH = YES;
				"CODE_SIGN_IDENTITY[sdk=iphoneos*]" = "iPhone Developer";
				COPY_PHASE_STRIP = NO;
				DEBUG_INFORMATION_FORMAT = "dwarf-with-dsym";
				ENABLE_STRICT_OBJC_MSGSEND = YES;
				GCC_C_LANGUAGE_STANDARD = gnu99;
				GCC_DYNAMIC_NO_PIC = NO;
				GCC_NO_COMMON_BLOCKS = YES;
				GCC_OPTIMIZATION_LEVEL = 0;
				GCC_PREPROCESSOR_DEFINITIONS = (
					"DEBUG=1",
					"$(inherited)",
				);
				GCC_SYMBOLS_PRIVATE_EXTERN = NO;
				GCC_WARN_64_TO_32_BIT_CONVERSION = YES;
				GCC_WARN_ABOUT_RETURN_TYPE = YES_ERROR;
				GCC_WARN_UNDECLARED_SELECTOR = YES;
				GCC_WARN_UNINITIALIZED_AUTOS = YES_AGGRESSIVE;
				GCC_WARN_UNUSED_FUNCTION = YES;
				GCC_WARN_UNUSED_VARIABLE = YES;
				IPHONEOS_DEPLOYMENT_TARGET = 8.3;
				MTL_ENABLE_DEBUG_INFO = YES;
				ONLY_ACTIVE_ARCH = YES;
				SDKROOT = iphoneos;
				TARGETED_DEVICE_FAMILY = "1,2";
			};
			name = Debug;
		};
		85F0F57E1ADDEC0900C389F4 /* Release */ = {
			isa = XCBuildConfiguration;
			buildSettings = {
				ALWAYS_SEARCH_USER_PATHS = NO;
				CLANG_CXX_LANGUAGE_STANDARD = "gnu++0x";
				CLANG_CXX_LIBRARY = "libc++";
				CLANG_ENABLE_MODULES = YES;
				CLANG_ENABLE_OBJC_ARC = YES;
				CLANG_WARN_BOOL_CONVERSION = YES;
				CLANG_WARN_CONSTANT_CONVERSION = YES;
				CLANG_WARN_DIRECT_OBJC_ISA_USAGE = YES_ERROR;
				CLANG_WARN_EMPTY_BODY = YES;
				CLANG_WARN_ENUM_CONVERSION = YES;
				CLANG_WARN_INT_CONVERSION = YES;
				CLANG_WARN_OBJC_ROOT_CLASS = YES_ERROR;
				CLANG_WARN_UNREACHABLE_CODE = YES;
				CLANG_WARN__DUPLICATE_METHOD_MATCH = YES;
				"CODE_SIGN_IDENTITY[sdk=iphoneos*]" = "iPhone Developer";
				COPY_PHASE_STRIP = NO;
				DEBUG_INFORMATION_FORMAT = "dwarf-with-dsym";
				ENABLE_NS_ASSERTIONS = NO;
				ENABLE_STRICT_OBJC_MSGSEND = YES;
				GCC_C_LANGUAGE_STANDARD = gnu99;
				GCC_NO_COMMON_BLOCKS = YES;
				GCC_WARN_64_TO_32_BIT_CONVERSION = YES;
				GCC_WARN_ABOUT_RETURN_TYPE = YES_ERROR;
				GCC_WARN_UNDECLARED_SELECTOR = YES;
				GCC_WARN_UNINITIALIZED_AUTOS = YES_AGGRESSIVE;
				GCC_WARN_UNUSED_FUNCTION = YES;
				GCC_WARN_UNUSED_VARIABLE = YES;
				IPHONEOS_DEPLOYMENT_TARGET = 8.3;
				MTL_ENABLE_DEBUG_INFO = NO;
				SDKROOT = iphoneos;
				TARGETED_DEVICE_FAMILY = "1,2";
				VALIDATE_PRODUCT = YES;
			};
			name = Release;
		};
		85F0F5801ADDEC0900C389F4 /* Debug */ = {
			isa = XCBuildConfiguration;
			buildSettings = {
				ASSETCATALOG_COMPILER_APPICON_NAME = AppIcon;
				INFOPLIST_FILE = testShare/Info.plist;
				LD_RUNPATH_SEARCH_PATHS = "$(inherited) @executable_path/Frameworks";
				PRODUCT_NAME = "$(TARGET_NAME)";
			};
			name = Debug;
		};
		85F0F5811ADDEC0900C389F4 /* Release */ = {
			isa = XCBuildConfiguration;
			buildSettings = {
				ASSETCATALOG_COMPILER_APPICON_NAME = AppIcon;
				INFOPLIST_FILE = testShare/Info.plist;
				LD_RUNPATH_SEARCH_PATHS = "$(inherited) @executable_path/Frameworks";
				PRODUCT_NAME = "$(TARGET_NAME)";
			};
			name = Release;
		};
		85F0F5831ADDEC0900C389F4 /* Debug */ = {
			isa = XCBuildConfiguration;
			buildSettings = {
				BUNDLE_LOADER = "$(TEST_HOST)";
				FRAMEWORK_SEARCH_PATHS = (
					"$(SDKROOT)/Developer/Library/Frameworks",
					"$(inherited)",
				);
				GCC_PREPROCESSOR_DEFINITIONS = (
					"DEBUG=1",
					"$(inherited)",
				);
				INFOPLIST_FILE = testShareTests/Info.plist;
				LD_RUNPATH_SEARCH_PATHS = "$(inherited) @executable_path/Frameworks @loader_path/Frameworks";
				PRODUCT_NAME = "$(TARGET_NAME)";
				TEST_HOST = "$(BUILT_PRODUCTS_DIR)/testShare.app/testShare";
			};
			name = Debug;
		};
		85F0F5841ADDEC0900C389F4 /* Release */ = {
			isa = XCBuildConfiguration;
			buildSettings = {
				BUNDLE_LOADER = "$(TEST_HOST)";
				FRAMEWORK_SEARCH_PATHS = (
					"$(SDKROOT)/Developer/Library/Frameworks",
					"$(inherited)",
				);
				INFOPLIST_FILE = testShareTests/Info.plist;
				LD_RUNPATH_SEARCH_PATHS = "$(inherited) @executable_path/Frameworks @loader_path/Frameworks";
				PRODUCT_NAME = "$(TARGET_NAME)";
				TEST_HOST = "$(BUILT_PRODUCTS_DIR)/testShare.app/testShare";
			};
			name = Release;
		};
		85F0F5961ADDEC5500C389F4 /* Debug */ = {
			isa = XCBuildConfiguration;
			buildSettings = {
				GCC_PREPROCESSOR_DEFINITIONS = (
					"DEBUG=1",
					"$(inherited)",
				);
				INFOPLIST_FILE = share/Info.plist;
				LD_RUNPATH_SEARCH_PATHS = "$(inherited) @executable_path/Frameworks @executable_path/../../Frameworks";
				PRODUCT_NAME = "$(TARGET_NAME)";
				SKIP_INSTALL = YES;
			};
			name = Debug;
		};
		85F0F5971ADDEC5500C389F4 /* Release */ = {
			isa = XCBuildConfiguration;
			buildSettings = {
				INFOPLIST_FILE = share/Info.plist;
				LD_RUNPATH_SEARCH_PATHS = "$(inherited) @executable_path/Frameworks @executable_path/../../Frameworks";
				PRODUCT_NAME = "$(TARGET_NAME)";
				SKIP_INSTALL = YES;
			};
			name = Release;
		};
/* End XCBuildConfiguration section */

/* Begin XCConfigurationList section */
		85F0F5571ADDEC0900C389F4 /* Build configuration list for PBXProject "testShare" */ = {
			isa = XCConfigurationList;
			buildConfigurations = (
				85F0F57D1ADDEC0900C389F4 /* Debug */,
				85F0F57E1ADDEC0900C389F4 /* Release */,
			);
			defaultConfigurationIsVisible = 0;
			defaultConfigurationName = Release;
		};
		85F0F57F1ADDEC0900C389F4 /* Build configuration list for PBXNativeTarget "testShare" */ = {
			isa = XCConfigurationList;
			buildConfigurations = (
				85F0F5801ADDEC0900C389F4 /* Debug */,
				85F0F5811ADDEC0900C389F4 /* Release */,
			);
			defaultConfigurationIsVisible = 0;
		};
		85F0F5821ADDEC0900C389F4 /* Build configuration list for PBXNativeTarget "testShareTests" */ = {
			isa = XCConfigurationList;
			buildConfigurations = (
				85F0F5831ADDEC0900C389F4 /* Debug */,
				85F0F5841ADDEC0900C389F4 /* Release */,
			);
			defaultConfigurationIsVisible = 0;
		};
		85F0F5951ADDEC5500C389F4 /* Build configuration list for PBXNativeTarget "share" */ = {
			isa = XCConfigurationList;
			buildConfigurations = (
				85F0F5961ADDEC5500C389F4 /* Debug */,
				85F0F5971ADDEC5500C389F4 /* Release */,
			);
			defaultConfigurationIsVisible = 0;
		};
/* End XCConfigurationList section */
	};
	rootObject = 85F0F5541ADDEC0900C389F4 /* Project object */;
}
